
Microsoft Visual Studio Solution File, Format Version 12.00
# Visual Studio Version 17
VisualStudioVersion = 17.0.31903.59
MinimumVisualStudioVersion = 10.0.40219.1
Project("{2150E333-8FDC-42A3-9474-1A3956D46DE8}") = "src", "src", "{AD1BAB2E-E67A-4369-A118-073F471E9F29}"
EndProject
Project("{FAE04EC0-301F-11D3-BF4B-00C04F79EFBC}") = "CsvFileMongoDb.API", "src\CsvFileMongoDb.API\CsvFileMongoDb.API.csproj", "{7D1719F7-460D-49CB-8115-C38B72E6529D}"
EndProject
Project("{FAE04EC0-301F-11D3-BF4B-00C04F79EFBC}") = "CsvFileMongoDb.Application", "src\CsvFileMongoDb.Application\CsvFileMongoDb.Application.csproj", "{4144E09D-A85B-4254-A69B-44251B792049}"
EndProject
Project("{FAE04EC0-301F-11D3-BF4B-00C04F79EFBC}") = "CsvFileMongoDb.Core", "src\CsvFileMongoDb.Core\CsvFileMongoDb.Core.csproj", "{8F42CD5D-3EA8-411B-B052-0FACA6B21364}"
EndProject
Project("{FAE04EC0-301F-11D3-BF4B-00C04F79EFBC}") = "CsvFileMongoDb.Infrastructure", "src\CsvFileMongoDb.Infrastructure\CsvFileMongoDb.Infrastructure.csproj", "{C3AB3D5C-5777-4E69-9ADF-78549B1B1E5D}"
EndProject
Global
	GlobalSection(SolutionConfigurationPlatforms) = preSolution
		Debug|Any CPU = Debug|Any CPU
		Release|Any CPU = Release|Any CPU
	EndGlobalSection
	GlobalSection(SolutionProperties) = preSolution
		HideSolutionNode = FALSE
	EndGlobalSection
	GlobalSection(ProjectConfigurationPlatforms) = postSolution
		{7D1719F7-460D-49CB-8115-C38B72E6529D}.Debug|Any CPU.ActiveCfg = Debug|Any CPU
		{7D1719F7-460D-49CB-8115-C38B72E6529D}.Debug|Any CPU.Build.0 = Debug|Any CPU
		{7D1719F7-460D-49CB-8115-C38B72E6529D}.Release|Any CPU.ActiveCfg = Release|Any CPU
		{7D1719F7-460D-49CB-8115-C38B72E6529D}.Release|Any CPU.Build.0 = Release|Any CPU
		{4144E09D-A85B-4254-A69B-44251B792049}.Debug|Any CPU.ActiveCfg = Debug|Any CPU
		{4144E09D-A85B-4254-A69B-44251B792049}.Debug|Any CPU.Build.0 = Debug|Any CPU
		{4144E09D-A85B-4254-A69B-44251B792049}.Release|Any CPU.ActiveCfg = Release|Any CPU
		{4144E09D-A85B-4254-A69B-44251B792049}.Release|Any CPU.Build.0 = Release|Any CPU
		{8F42CD5D-3EA8-411B-B052-0FACA6B21364}.Debug|Any CPU.ActiveCfg = Debug|Any CPU
		{8F42CD5D-3EA8-411B-B052-0FACA6B21364}.Debug|Any CPU.Build.0 = Debug|Any CPU
		{8F42CD5D-3EA8-411B-B052-0FACA6B21364}.Release|Any CPU.ActiveCfg = Release|Any CPU
		{8F42CD5D-3EA8-411B-B052-0FACA6B21364}.Release|Any CPU.Build.0 = Release|Any CPU
		{C3AB3D5C-5777-4E69-9ADF-78549B1B1E5D}.Debug|Any CPU.ActiveCfg = Debug|Any CPU
		{C3AB3D5C-5777-4E69-9ADF-78549B1B1E5D}.Debug|Any CPU.Build.0 = Debug|Any CPU
		{C3AB3D5C-5777-4E69-9ADF-78549B1B1E5D}.Release|Any CPU.ActiveCfg = Release|Any CPU
		{C3AB3D5C-5777-4E69-9ADF-78549B1B1E5D}.Release|Any CPU.Build.0 = Release|Any CPU
	EndGlobalSection
	GlobalSection(NestedProjects) = preSolution
		{7D1719F7-460D-49CB-8115-C38B72E6529D} = {AD1BAB2E-E67A-4369-A118-073F471E9F29}
		{4144E09D-A85B-4254-A69B-44251B792049} = {AD1BAB2E-E67A-4369-A118-073F471E9F29}
		{8F42CD5D-3EA8-411B-B052-0FACA6B21364} = {AD1BAB2E-E67A-4369-A118-073F471E9F29}
		{C3AB3D5C-5777-4E69-9ADF-78549B1B1E5D} = {AD1BAB2E-E67A-4369-A118-073F471E9F29}
	EndGlobalSection
EndGlobal
